lockfileVersion: '9.0'

settings:
  autoInstallPeers: true
  excludeLinksFromLockfile: false

overrides:
  axios: ^1.12.0
  '@openzeppelin/merkle-tree': 1.0.8

importers:

  .:
    dependencies:
      '@openzeppelin/contracts':
        specifier: 5.4.0
        version: 5.4.0
      '@openzeppelin/contracts-upgradeable':
        specifier: 5.6.1
        version: 5.6.1(@openzeppelin/contracts@5.4.0)
      '@symbioticfi/core':
        specifier: 1.0.3
        version: 1.0.3
      '@symbioticfi/network':
        specifier: ^1.0.0-rc.2
        version: 1.0.0-rc.2
      '@symbioticfi/relay-contracts':
        specifier: 1.0.0
        version: 1.0.0
      solidity-bytes-utils:
        specifier: ^0.8.2
        version: 0.8.4

packages:

  '@ethereumjs/common@3.2.0':
    resolution: {integrity: sha512-pksvzI0VyLgmuEF2FA/JR/4/y6hcPq8OUail3/AvycBaW1d5VSauOZzqGvJ3RTmR4MU35lWE8KseKOsEhrFRBA==}

  '@ethereumjs/rlp@4.0.1':
    resolution: {integrity: sha512-tqsQiBQDQdmPWE1xkkBq4rlSW5QZpLOUJ5RJh2/9fug+q9tnUhuZoVLk7s0scUIKTOzEtR72DFBXI4WiZcMpvw==}
    engines: {node: '>=14'}
    hasBin: true

  '@ethereumjs/tx@4.2.0':
    resolution: {integrity: sha512-1nc6VO4jtFd172BbSnTnDQVr9IYBFl1y4xPzZdtkrkKIncBCkdbgfdRV+MiTkJYAtTxvV12GRZLqBFT1PNK6Yw==}
    engines: {node: '>=14'}

  '@ethereumjs/util@8.1.0':
    resolution: {integrity: sha512-zQ0IqbdX8FZ9aw11vP+dZkKDkS+kgIvQPHnSAXzP9pLu+Rfu3D3XEeLbicvoXJTYnhZiPmsZUxgdzXwNKxRPbA==}
    engines: {node: '>=14'}

  '@metamask/abi-utils@2.0.4':
    resolution: {integrity: sha512-StnIgUB75x7a7AgUhiaUZDpCsqGp7VkNnZh2XivXkJ6mPkE83U8ARGQj5MbRis7VJY8BC5V1AbB1fjdh0hupPQ==}
    engines: {node: '>=16.0.0'}

  '@metamask/superstruct@3.2.1':
    resolution: {integrity: sha512-fLgJnDOXFmuVlB38rUN5SmU7hAFQcCjrg3Vrxz67KTY7YHFnSNEKvX4avmEBdOI0yTCxZjwMCFEqsC8k2+Wd3g==}
    engines: {node: '>=16.0.0'}

  '@metamask/utils@9.3.0':
    resolution: {integrity: sha512-w8CVbdkDrVXFJbfBSlDfafDR6BAkpDmv1bC1UJVCoVny5tW2RKAdn9i68Xf7asYT4TnUhl/hN4zfUiKQq9II4g==}
    engines: {node: '>=16.0.0'}

  '@noble/ciphers@1.3.0':
    resolution: {integrity: sha512-2I0gnIVPtfnMw9ee9h1dJG7tp81+8Ob3OJb3Mv37rx5L40/b0i7djjCVvGOVqc9AEIQyvyu1i6ypKdFw8R8gQw==}
    engines: {node: ^14.21.3 || >=16}

  '@noble/curves@1.4.2':
    resolution: {integrity: sha512-TavHr8qycMChk8UwMld0ZDRvatedkzWfH8IiaeGCfymOP5i0hSCozz9vHOL0nkwk7HRMlFnAiKpS2jrUmSybcw==}

  '@noble/curves@1.9.0':
    resolution: {integrity: sha512-7YDlXiNMdO1YZeH6t/kvopHHbIZzlxrCV9WLqCY6QhcXOoXiNCMDqJIglZ9Yjx5+w7Dz30TITFrlTjnRg7sKEg==}
    engines: {node: ^14.21.3 || >=16}

  '@noble/hashes@1.4.0':
    resolution: {integrity: sha512-V1JJ1WTRUqHHrOSh597hURcMqVKVGL/ea3kv0gSnEdsEZ0/+VyPghM1lMNGc00z7CIQorSvbKpuJkxvuHbvdbg==}
    engines: {node: '>= 16'}

  '@noble/hashes@1.8.0':
    resolution: {integrity: sha512-jCs9ldd7NwzpgXDIf6P3+NrHh9/sD6CQdxHyjQI+h/6rDNo88ypBxxz45UDuZHz9r3tNz7N/VInSVoVdtXEI4A==}
    engines: {node: ^14.21.3 || >=16}

  '@openzeppelin/contracts-upgradeable@5.0.2':
    resolution: {integrity: sha512-0MmkHSHiW2NRFiT9/r5Lu4eJq5UJ4/tzlOgYXNAIj/ONkQTVnz22pLxDvp4C4uZ9he7ZFvGn3Driptn1/iU7tQ==}
    peerDependencies:
      '@openzeppelin/contracts': 5.0.2

  '@openzeppelin/contracts-upgradeable@5.4.0':
    resolution: {integrity: sha512-STJKyDzUcYuB35Zub1JpWW58JxvrFFVgQ+Ykdr8A9PGXgtq/obF5uoh07k2XmFyPxfnZdPdBdhkJ/n2YxJ87HQ==}
    peerDependencies:
      '@openzeppelin/contracts': 5.4.0

  '@openzeppelin/contracts-upgradeable@5.6.1':
    resolution: {integrity: sha512-n4a/vfRs114lXyUdYg7pyY8LvFKWvCDF5lEcRRAVxap8g6ZEdLqm+9tmt2zTtRHcNMxTYp9y5t6KBof4tHp7Og==}
    peerDependencies:
      '@openzeppelin/contracts': 5.6.1

  '@openzeppelin/contracts@5.0.2':
    resolution: {integrity: sha512-ytPc6eLGcHHnapAZ9S+5qsdomhjo6QBHTDRRBFfTxXIpsicMhVPouPgmUPebZZZGX7vt9USA+Z+0M0dSVtSUEA==}

  '@openzeppelin/contracts@5.4.0':
    resolution: {integrity: sha512-eCYgWnLg6WO+X52I16TZt8uEjbtdkgLC0SUX/xnAksjjrQI4Xfn4iBRoI5j55dmlOhDv1Y7BoR3cU7e3WWhC6A==}

  '@openzeppelin/merkle-tree@1.0.8':
    resolution: {integrity: sha512-E2c9/Y3vjZXwVvPZKqCKUn7upnvam1P1ZhowJyZVQSkzZm5WhumtaRr+wkUXrZVfkIc7Gfrl7xzabElqDL09ow==}

  '@scure/base@1.1.9':
    resolution: {integrity: sha512-8YKhl8GHiNI/pU2VMaofa2Tor7PJRAjwQLBBuilkJ9L5+13yVbC7JO/wS7piioAvPSwR3JKM1IJ/u4xQzbcXKg==}

  '@scure/base@1.2.6':
    resolution: {integrity: sha512-g/nm5FgUa//MCj1gV09zTJTaM6KBAHqLN907YVQqf7zC49+DcO4B1so4ZX07Ef10Twr6nuqYEH9GEggFXA4Fmg==}

  '@scure/bip32@1.4.0':
    resolution: {integrity: sha512-sVUpc0Vq3tXCkDGYVWGIZTRfnvu8LoTDaev7vbwh0omSvVORONr960MQWdKqJDCReIEmTj3PAr73O3aoxz7OPg==}

  '@scure/bip32@1.7.0':
    resolution: {integrity: sha512-E4FFX/N3f4B80AKWp5dP6ow+flD1LQZo/w8UnLGYZO674jS6YnYeepycOOksv+vLPSpgN35wgKgy+ybfTb2SMw==}

  '@scure/bip39@1.3.0':
    resolution: {integrity: sha512-disdg7gHuTDZtY+ZdkmLpPCk7fxZSu3gBiEGuoC1XYxv9cGx3Z6cpTggCgW6odSOOIXCiDjuGejW+aJKCY/pIQ==}

  '@scure/bip39@1.6.0':
    resolution: {integrity: sha512-+lF0BbLiJNwVlev4eKelw1WWLaiKXw7sSl8T6FvBlWkdX+94aGJ4o8XjUdlyhTCjd8c+B3KT3JfS8P0bLRNU6A==}

  '@symbioticfi/core@1.0.1':
    resolution: {integrity: sha512-pakWiJytAJA+dfk/RXf0bwUtZuCEfNaJn+hq8COGDYXz2JKIfoU3KAoLLLD7Cpes5gjKyrKVft6reXuOSp4+YA==}

  '@symbioticfi/core@1.0.3':
    resolution: {integrity: sha512-YBMv1XoP3RxZeNDmEUsNQzF3i70Pa16WiauZF/zLWUJ6VQ6KLTFqE/4TIvbZKuy0jaF0+dMsXgg8bw0h9mpEwA==}

  '@symbioticfi/network@1.0.0-rc.2':
    resolution: {integrity: sha512-uGld0swXWZAHuFPEP7U5bPQ1AzusRiSDWOgc+PNIN8Jck5WYCIk4SmjZc0480sepImpwju7jhNK2TpkSz3nonw==}
    engines: {node: '>=20'}

  '@symbioticfi/relay-contracts@1.0.0':
    resolution: {integrity: sha512-5fWmLL36fqLbOquRqLeL4ybeKrpXfnr7mcZbBp8LBMQo10yqEqGD+bLeKOMJgKVCeVZfWVsgFTUBxFtdyj5SAQ==}

  '@symbioticfi/rewards@2.0.0':
    resolution: {integrity: sha512-biXqczE4ggB9KreguoYTcjmvV6gY16/ffn4bKObL3qSMVryWYyozURjLlYb34Xv2b8PxGPPgRKof7aQJcezdTA==}

  '@types/debug@4.1.13':
    resolution: {integrity: sha512-KSVgmQmzMwPlmtljOomayoR89W4FynCAi3E8PPs7vmDVPe84hT+vGPKkJfThkmXs0x0jAaa9U8uW8bbfyS2fWw==}

  '@types/ms@2.1.0':
    resolution: {integrity: sha512-GsCCIZDE/p3i96vtEqx+7dBUGXrc7zeSK3wwPHIaRThS+9OhWIXRqzs4d6k1SVU8g91DrNRWxWUGhp5KXQb2VA==}

  crc-32@1.2.2:
    resolution: {integrity: sha512-ROmzCKrTnOwybPcJApAA6WBWij23HVfGVNKqqrZpuyZOHqK2CwHSvpGuyt/UNNvaIjEd8X5IFGp4Mh+Ie1IHJQ==}
    engines: {node: '>=0.8'}
    hasBin: true

  debug@4.4.3:
    resolution: {integrity: sha512-RGwwWnwQvkVfavKVt22FGLw+xYSdzARwm0ru6DhTVA3umU5hZc28V3kO4stgYryrTlLpuvgI9GiijltAjNbcqA==}
    engines: {node: '>=6.0'}
    peerDependencies:
      supports-color: '*'
    peerDependenciesMeta:
      supports-color:
        optional: true

  ethereum-cryptography@2.2.1:
    resolution: {integrity: sha512-r/W8lkHSiTLxUxW8Rf3u4HGB0xQweG2RyETjywylKZSzLWoWAijRz8WCuOtJ6wah+avllXBqZuk29HCCvhEIRg==}

  ethereum-cryptography@3.2.0:
    resolution: {integrity: sha512-Urr5YVsalH+Jo0sYkTkv1MyI9bLYZwW8BENZCeE1QYaTHETEYx0Nv/SVsWkSqpYrzweg6d8KMY1wTjH/1m/BIg==}
    engines: {node: ^14.21.3 || >=16, npm: '>=9'}

  micro-ftch@0.3.1:
    resolution: {integrity: sha512-/0LLxhzP0tfiR5hcQebtudP56gUurs2CLkGarnCiB/OqEyUFQ6U3paQi/tgLv0hBJYt2rnr9MNpxz4fiiugstg==}

  ms@2.1.3:
    resolution: {integrity: sha512-6FlzubTLZG3J2a/NVCAleEhjzq5oxgHyaCU9yYXvcLsvoVaHJq/s5xXI6/XXP6tz7R9xAOtHnSO/tXtF3WRTlA==}

  pony-cause@2.1.11:
    resolution: {integrity: sha512-M7LhCsdNbNgiLYiP4WjsfLUuFmCfnjdF6jKe2R9NKl4WFN+HZPGHJZ9lnLP7f9ZnKe3U9nuWD0szirmj+migUg==}
    engines: {node: '>=12.0.0'}

  semver@7.8.0:
    resolution: {integrity: sha512-AcM7dV/5ul4EekoQ29Agm5vri8JNqRyj39o0qpX6vDF2GZrtutZl5RwgD1XnZjiTAfncsJhMI48QQH3sN87YNA==}
    engines: {node: '>=10'}
    hasBin: true

  solidity-bytes-utils@0.8.4:
    resolution: {integrity: sha512-/bjac5YR12i0plOKvGlhE51F5IWGP6rI8DJetCQlXcnwKWz/Hgf/vr+Qlk1BWz56xVcwVhmhCaDkTMnx5xvt0g==}

  uuid@9.0.1:
    resolution: {integrity: sha512-b+1eJOlsR9K8HJpow9Ok3fiWOWSIcIzXodvv0rQjVoOVNpWMpxf1wZNpt4y9h10odCNrqnYp1OBzRktckBe3sA==}
    deprecated: uuid@10 and below is no longer supported.  For ESM codebases, update to uuid@latest.  For CommonJS codebases, use uuid@11 (but be aware this version will likely be deprecated in 2028).
    hasBin: true

snapshots:

  '@ethereumjs/common@3.2.0':
    dependencies:
      '@ethereumjs/util': 8.1.0
      crc-32: 1.2.2

  '@ethereumjs/rlp@4.0.1': {}

  '@ethereumjs/tx@4.2.0':
    dependencies:
      '@ethereumjs/common': 3.2.0
      '@ethereumjs/rlp': 4.0.1
      '@ethereumjs/util': 8.1.0
      ethereum-cryptography: 2.2.1

  '@ethereumjs/util@8.1.0':
    dependencies:
      '@ethereumjs/rlp': 4.0.1
      ethereum-cryptography: 2.2.1
      micro-ftch: 0.3.1

  '@metamask/abi-utils@2.0.4':
    dependencies:
      '@metamask/superstruct': 3.2.1
      '@metamask/utils': 9.3.0
    transitivePeerDependencies:
      - supports-color

  '@metamask/superstruct@3.2.1': {}

  '@metamask/utils@9.3.0':
    dependencies:
      '@ethereumjs/tx': 4.2.0
      '@metamask/superstruct': 3.2.1
      '@noble/hashes': 1.8.0
      '@scure/base': 1.2.6
      '@types/debug': 4.1.13
      debug: 4.4.3
      pony-cause: 2.1.11
      semver: 7.8.0
      uuid: 9.0.1
    transitivePeerDependencies:
      - supports-color

  '@noble/ciphers@1.3.0': {}

  '@noble/curves@1.4.2':
    dependencies:
      '@noble/hashes': 1.4.0

  '@noble/curves@1.9.0':
    dependencies:
      '@noble/hashes': 1.8.0

  '@noble/hashes@1.4.0': {}

  '@noble/hashes@1.8.0': {}

  '@openzeppelin/contracts-upgradeable@5.0.2(@openzeppelin/contracts@5.0.2)':
    dependencies:
      '@openzeppelin/contracts': 5.0.2

  '@openzeppelin/contracts-upgradeable@5.4.0(@openzeppelin/contracts@5.4.0)':
    dependencies:
      '@openzeppelin/contracts': 5.4.0

  '@openzeppelin/contracts-upgradeable@5.6.1(@openzeppelin/contracts@5.4.0)':
    dependencies:
      '@openzeppelin/contracts': 5.4.0

  '@openzeppelin/contracts@5.0.2': {}

  '@openzeppelin/contracts@5.4.0': {}

  '@openzeppelin/merkle-tree@1.0.8':
    dependencies:
      '@metamask/abi-utils': 2.0.4
      ethereum-cryptography: 3.2.0
    transitivePeerDependencies:
      - supports-color

  '@scure/base@1.1.9': {}

  '@scure/base@1.2.6': {}

  '@scure/bip32@1.4.0':
    dependencies:
      '@noble/curves': 1.4.2
      '@noble/hashes': 1.4.0
      '@scure/base': 1.1.9

  '@scure/bip32@1.7.0':
    dependencies:
      '@noble/curves': 1.9.0
      '@noble/hashes': 1.8.0
      '@scure/base': 1.2.6

  '@scure/bip39@1.3.0':
    dependencies:
      '@noble/hashes': 1.4.0
      '@scure/base': 1.1.9

  '@scure/bip39@1.6.0':
    dependencies:
      '@noble/hashes': 1.8.0
      '@scure/base': 1.2.6

  '@symbioticfi/core@1.0.1':
    dependencies:
      '@openzeppelin/contracts': 5.0.2
      '@openzeppelin/contracts-upgradeable': 5.0.2(@openzeppelin/contracts@5.0.2)

  '@symbioticfi/core@1.0.3':
    dependencies:
      '@openzeppelin/contracts': 5.0.2
      '@openzeppelin/contracts-upgradeable': 5.0.2(@openzeppelin/contracts@5.0.2)

  '@symbioticfi/network@1.0.0-rc.2':
    dependencies:
      '@openzeppelin/contracts': 5.4.0
      '@openzeppelin/contracts-upgradeable': 5.4.0(@openzeppelin/contracts@5.4.0)
      '@symbioticfi/core': 1.0.3

  '@symbioticfi/relay-contracts@1.0.0':
    dependencies:
      '@openzeppelin/contracts': 5.4.0
      '@openzeppelin/contracts-upgradeable': 5.4.0(@openzeppelin/contracts@5.4.0)
      '@symbioticfi/core': 1.0.3
      '@symbioticfi/network': 1.0.0-rc.2
      '@symbioticfi/rewards': 2.0.0
    transitivePeerDependencies:
      - supports-color

  '@symbioticfi/rewards@2.0.0':
    dependencies:
      '@openzeppelin/contracts': 5.0.2
      '@openzeppelin/contracts-upgradeable': 5.0.2(@openzeppelin/contracts@5.0.2)
      '@openzeppelin/merkle-tree': 1.0.8
      '@symbioticfi/core': 1.0.1
    transitivePeerDependencies:
      - supports-color

  '@types/debug@4.1.13':
    dependencies:
      '@types/ms': 2.1.0

  '@types/ms@2.1.0': {}

  crc-32@1.2.2: {}

  debug@4.4.3:
    dependencies:
      ms: 2.1.3

  ethereum-cryptography@2.2.1:
    dependencies:
      '@noble/curves': 1.4.2
      '@noble/hashes': 1.4.0
      '@scure/bip32': 1.4.0
      '@scure/bip39': 1.3.0

  ethereum-cryptography@3.2.0:
    dependencies:
      '@noble/ciphers': 1.3.0
      '@noble/curves': 1.9.0
      '@noble/hashes': 1.8.0
      '@scure/bip32': 1.7.0
      '@scure/bip39': 1.6.0

  micro-ftch@0.3.1: {}

  ms@2.1.3: {}

  pony-cause@2.1.11: {}

  semver@7.8.0: {}

  solidity-bytes-utils@0.8.4: {}

  uuid@9.0.1: {}
